{
  "name": "marketing",
  "version": "0.1.0",
  "lockfileVersion": 3,
  "requires": true,
  "packages": {
    "": {
      "name": "marketing",
      "version": "0.1.0",
      "dependencies": {
        "@radix-ui/react-accordion": "^1.2.12",
        "@radix-ui/react-dialog": "^1.1.15",
        "@radix-ui/react-dropdown-menu": "^2.1.16",
        "@radix-ui/react-slot": "^1.2.4",
        "@radix-ui/react-tooltip": "^1.2.8",
        "@react-three/drei": "^10.7.7",
        "@react-three/fiber": "^9.4.2",
        "@tsparticles/engine": "^3.9.1",
        "@tsparticles/react": "^3.0.0",
        "@tsparticles/slim": "^3.9.1",
        "class-variance-authority": "^0.7.1",
        "clsx": "^2.1.1",
        "lucide-react": "^0.556.0",
        "maath": "^0.10.8",
        "motion": "^12.23.25",
        "next": "16.0.7",
        "next-themes": "^0.4.6",
        "react": "19.2.0",
        "react-countup": "^6.5.3",
        "react-dom": "19.2.0",
        "react-fast-marquee": "^1.6.5",
        "tailwind-merge": "^3.4.0",
        "three": "^0.181.2"
      },
      "devDependencies": {
        "@tailwindcss/postcss": "^4",
        "@types/node": "^20",
        "@types/react": "^19",
        "@types/react-dom": "^19",
        "@types/three": "^0.181.0",
        "eslint": "^9",
        "eslint-config-next": "16.0.7",
        "tailwindcss": "^4",
        "typescript": "^5"
      },
      "engines": {
        "node": ">=18.0.0"
      }
    },
    "../../../../../../../node_modules/.pnpm/@radix-ui+react-accordion@1.2.12_@types+react-dom@19.2.2_@types+react@19.2.2__@types+re_bb65b1594d9e50e4b57e0ea5549b7ba5/node_modules/@radix-ui/react-accordion": {
      "version": "1.2.12",
      "license": "MIT",
      "dependencies": {
        "@radix-ui/primitive": "1.1.3",
        "@radix-ui/react-collapsible": "1.1.12",
        "@radix-ui/react-collection": "1.1.7",
        "@radix-ui/react-compose-refs": "1.1.2",
        "@radix-ui/react-context": "1.1.2",
        "@radix-ui/react-direction": "1.1.1",
        "@radix-ui/react-id": "1.1.1",
        "@radix-ui/react-primitive": "2.1.3",
        "@radix-ui/react-use-controllable-state": "1.2.2"
      },
      "devDependencies": {
        "@repo/builder": "0.0.0",
        "@repo/eslint-config": "0.0.0",
        "@repo/typescript-config": "0.0.0",
        "@types/react": "^19.0.7",
        "@types/react-dom": "^19.0.3",
        "eslint": "^9.18.0",
        "react": "^19.1.0",
        "react-dom": "^19.1.0",
        "typescript": "^5.7.3"
      },
      "peerDependencies": {
        "@types/react": "*",
        "@types/react-dom": "*",
        "react": "^16.8 || ^17.0 || ^18.0 || ^19.0 || ^19.0.0-rc",
        "react-dom": "^16.8 || ^17.0 || ^18.0 || ^19.0 || ^19.0.0-rc"
      },
      "peerDependenciesMeta": {
        "@types/react": {
          "optional": true
        },
        "@types/react-dom": {
          "optional": true
        }
      }
    },
    "../../../../../../../node_modules/.pnpm/@radix-ui+react-dialog@1.1.15_@types+react-dom@19.2.2_@types+react@19.2.2__@types+react_664b8f23a65f4708bb5cf27e5ff43c08/node_modules/@radix-ui/react-dialog": {
      "version": "1.1.15",
      "license": "MIT",
      "dependencies": {
        "@radix-ui/primitive": "1.1.3",
        "@radix-ui/react-compose-refs": "1.1.2",
        "@radix-ui/react-context": "1.1.2",
        "@radix-ui/react-dismissable-layer": "1.1.11",
        "@radix-ui/react-focus-guards": "1.1.3",
        "@radix-ui/react-focus-scope": "1.1.7",
        "@radix-ui/react-id": "1.1.1",
        "@radix-ui/react-portal": "1.1.9",
        "@radix-ui/react-presence": "1.1.5",
        "@radix-ui/react-primitive": "2.1.3",
        "@radix-ui/react-slot": "1.2.3",
        "@radix-ui/react-use-controllable-state": "1.2.2",
        "aria-hidden": "^1.2.4",
        "react-remove-scroll": "^2.6.3"
      },
      "devDependencies": {
        "@repo/builder": "0.0.0",
        "@repo/eslint-config": "0.0.0",
        "@repo/typescript-config": "0.0.0",
        "@types/react": "^19.0.7",
        "@types/react-dom": "^19.0.3",
        "eslint": "^9.18.0",
        "react": "^19.1.0",
        "react-dom": "^19.1.0",
        "typescript": "^5.7.3"
      },
      "peerDependencies": {
        "@types/react": "*",
        "@types/react-dom": "*",
        "react": "^16.8 || ^17.0 || ^18.0 || ^19.0 || ^19.0.0-rc",
        "react-dom": "^16.8 || ^17.0 || ^18.0 || ^19.0 || ^19.0.0-rc"
      },
      "peerDependenciesMeta": {
        "@types/react": {
          "optional": true
        },
        "@types/react-dom": {
          "optional": true
        }
      }
    },
    "../../../../../../../node_modules/.pnpm/@radix-ui+react-dropdown-menu@2.1.16_@types+react-dom@19.2.2_@types+react@19.2.2__@type_f90fa60edb4ba7a2bde2c9dcd66319cb/node_modules/@radix-ui/react-dropdown-menu": {
      "version": "2.1.16",
      "license": "MIT",
      "dependencies": {
        "@radix-ui/primitive": "1.1.3",
        "@radix-ui/react-compose-refs": "1.1.2",
        "@radix-ui/react-context": "1.1.2",
        "@radix-ui/react-id": "1.1.1",
        "@radix-ui/react-menu": "2.1.16",
        "@radix-ui/react-primitive": "2.1.3",
        "@radix-ui/react-use-controllable-state": "1.2.2"
      },
      "devDependencies": {
        "@repo/builder": "0.0.0",
        "@repo/eslint-config": "0.0.0",
        "@repo/test-data": "0.0.0",
        "@repo/typescript-config": "0.0.0",
        "@types/react": "^19.0.7",
        "@types/react-dom": "^19.0.3",
        "eslint": "^9.18.0",
        "react": "^19.1.0",
        "react-dom": "^19.1.0",
        "typescript": "^5.7.3"
      },
      "peerDependencies": {
        "@types/react": "*",
        "@types/react-dom": "*",
        "react": "^16.8 || ^17.0 || ^18.0 || ^19.0 || ^19.0.0-rc",
        "react-dom": "^16.8 || ^17.0 || ^18.0 || ^19.0 || ^19.0.0-rc"
      },
      "peerDependenciesMeta": {
        "@types/react": {
          "optional": true
        },
        "@types/react-dom": {
          "optional": true
        }
      }
    },
    "../../../../../../../node_modules/.pnpm/@radix-ui+react-slot@1.2.4_@types+react@19.2.2_react@19.2.0/node_modules/@radix-ui/react-slot": {
      "version": "1.2.4",
      "license": "MIT",
      "dependencies": {
        "@radix-ui/react-compose-refs": "1.1.2"
      },
      "devDependencies": {
        "@repo/builder": "0.0.0",
        "@repo/eslint-config": "0.0.0",
        "@repo/typescript-config": "0.0.0",
        "@types/react": "^19.2.2",
        "@types/react-dom": "^19.2.2",
        "eslint": "^9.38.0",
        "react": "^19.2.0",
        "react-dom": "^19.2.0",
        "typescript": "^5.9.3"
      },
      "peerDependencies": {
        "@types/react": "*",
        "react": "^16.8 || ^17.0 || ^18.0 || ^19.0 || ^19.0.0-rc"
      },
      "peerDependenciesMeta": {
        "@types/react": {
          "optional": true
        }
      }
    },
    "../../../../../../../node_modules/.pnpm/@radix-ui+react-tooltip@1.2.8_@types+react-dom@19.2.2_@types+react@19.2.2__@types+react_d963652a79ee591baff55ba948e78961/node_modules/@radix-ui/react-tooltip": {
      "version": "1.2.8",
      "license": "MIT",
      "dependencies": {
        "@radix-ui/primitive": "1.1.3",
        "@radix-ui/react-compose-refs": "1.1.2",
        "@radix-ui/react-context": "1.1.2",
        "@radix-ui/react-dismissable-layer": "1.1.11",
        "@radix-ui/react-id": "1.1.1",
        "@radix-ui/react-popper": "1.2.8",
        "@radix-ui/react-portal": "1.1.9",
        "@radix-ui/react-presence": "1.1.5",
        "@radix-ui/react-primitive": "2.1.3",
        "@radix-ui/react-slot": "1.2.3",
        "@radix-ui/react-use-controllable-state": "1.2.2",
        "@radix-ui/react-visually-hidden": "1.2.3"
      },
      "devDependencies": {
        "@repo/builder": "0.0.0",
        "@repo/eslint-config": "0.0.0",
        "@repo/typescript-config": "0.0.0",
        "@types/react": "^19.0.7",
        "@types/react-dom": "^19.0.3",
        "eslint": "^9.18.0",
        "react": "^19.1.0",
        "react-dom": "^19.1.0",
        "typescript": "^5.7.3"
      },
      "peerDependencies": {
        "@types/react": "*",
        "@types/react-dom": "*",
        "react": "^16.8 || ^17.0 || ^18.0 || ^19.0 || ^19.0.0-rc",
        "react-dom": "^16.8 || ^17.0 || ^18.0 || ^19.0 || ^19.0.0-rc"
      },
      "peerDependenciesMeta": {
        "@types/react": {
          "optional": true
        },
        "@types/react-dom": {
          "optional": true
        }
      }
    },
    "../../../../../../../node_modules/.pnpm/@react-three+drei@10.7.7_@react-three+fiber@9.4.2_@types+react@19.2.2_immer@10.0.2_reac_06edb608d8d1381a50572c48a96a01cb/node_modules/@react-three/drei": {
      "version": "10.7.7",
      "license": "MIT",
      "dependencies": {
        "@babel/runtime": "^7.26.0",
        "@mediapipe/tasks-vision": "0.10.17",
        "@monogrid/gainmap-js": "^3.0.6",
        "@use-gesture/react": "^10.3.1",
        "camera-controls": "^3.1.0",
        "cross-env": "^7.0.3",
        "detect-gpu": "^5.0.56",
        "glsl-noise": "^0.0.0",
        "hls.js": "^1.5.17",
        "maath": "^0.10.8",
        "meshline": "^3.3.1",
        "stats-gl": "^2.2.8",
        "stats.js": "^0.17.0",
        "suspend-react": "^0.1.3",
        "three-mesh-bvh": "^0.8.3",
        "three-stdlib": "^2.35.6",
        "troika-three-text": "^0.52.4",
        "tunnel-rat": "^0.1.2",
        "use-sync-external-store": "^1.4.0",
        "utility-types": "^3.11.0",
        "zustand": "^5.0.1"
      },
      "peerDependencies": {
        "@react-three/fiber": "^9.0.0",
        "react": "^19",
        "react-dom": "^19",
        "three": ">=0.159"
      },
      "peerDependenciesMeta": {
        "react-dom": {
          "optional": true
        }
      }
    },
    "../../../../../../../node_modules/.pnpm/@react-three+fiber@9.4.2_@types+react@19.2.2_immer@10.0.2_react-dom@19.2.0_react@19.2.0__react@19.2.0_three@0.181.2/node_modules/@react-three/fiber": {
      "version": "9.4.2",
      "license": "MIT",
      "dependencies": {
        "@babel/runtime": "^7.17.8",
        "@types/react-reconciler": "^0.32.0",
        "@types/webxr": "*",
        "base64-js": "^1.5.1",
        "buffer": "^6.0.3",
        "its-fine": "^2.0.0",
        "react-reconciler": "^0.31.0",
        "react-use-measure": "^2.1.7",
        "scheduler": "^0.25.0",
        "suspend-react": "^0.1.3",
        "use-sync-external-store": "^1.4.0",
        "zustand": "^5.0.3"
      },
      "peerDependencies": {
        "expo": ">=43.0",
        "expo-asset": ">=8.4",
        "expo-file-system": ">=11.0",
        "expo-gl": ">=11.0",
        "react": "^19.0.0",
        "react-dom": "^19.0.0",
        "react-native": ">=0.78",
        "three": ">=0.156"
      },
      "peerDependenciesMeta": {
        "expo": {
          "optional": true
        },
        "expo-asset": {
          "optional": true
        },
        "expo-file-system": {
          "optional": true
        },
        "expo-gl": {
          "optional": true
        },
        "react-dom": {
          "optional": true
        },
        "react-native": {
          "optional": true
        }
      }
    },
    "../../../../../../../node_modules/.pnpm/@tailwindcss+postcss@4.1.17/node_modules/@tailwindcss/postcss": {
      "version": "4.1.17",
      "dev": true,
      "license": "MIT",
      "dependencies": {
        "@alloc/quick-lru": "^5.2.0",
        "@tailwindcss/node": "4.1.17",
        "@tailwindcss/oxide": "4.1.17",
        "postcss": "^8.4.41",
        "tailwindcss": "4.1.17"
      },
      "devDependencies": {
        "@types/node": "^20.19.0",
        "@types/postcss-import": "14.0.3",
        "dedent": "1.7.0",
        "internal-example-plugin": "0.0.0",
        "postcss-import": "^16.1.1"
      }
    },
    "../../../../../../../node_modules/.pnpm/@tsparticles+engine@3.9.1/node_modules/@tsparticles/engine": {
      "version": "3.9.1",
      "funding": [
        {
          "type": "github",
          "url": "https://github.com/sponsors/matteobruni"
        },
        {
          "type": "github",
          "url": "https://github.com/sponsors/tsparticles"
        },
        {
          "type": "buymeacoffee",
          "url": "https://www.buymeacoffee.com/matteobruni"
        }
      ],
      "hasInstallScript": true,
      "license": "MIT"
    },
    "../../../../../../../node_modules/.pnpm/@tsparticles+react@3.0.0_@tsparticles+engine@3.9.1_react-dom@19.2.0_react@19.2.0__react@19.2.0/node_modules/@tsparticles/react": {
      "version": "3.0.0",
      "devDependencies": {
        "@tsparticles/engine": "^3.0.2",
        "@types/react": "^18.2.42",
        "@types/react-dom": "^18.2.17",
        "@typescript-eslint/eslint-plugin": "^6.13.2",
        "@typescript-eslint/parser": "^6.13.2",
        "@vitejs/plugin-react": "^4.2.1",
        "eslint": "^8.55.0",
        "eslint-plugin-react-hooks": "^4.6.0",
        "eslint-plugin-react-refresh": "^0.4.5",
        "glob": "^10.3.10",
        "react": "^18.2.0",
        "react-dom": "^18.2.0",
        "typescript": "^5.3.3",
        "vite": "^5.0.6",
        "vite-plugin-dts": "^3.6.4",
        "vite-plugin-lib-inject-css": "^1.3.0"
      },
      "peerDependencies": {
        "@tsparticles/engine": "^3.0.2",
        "react": ">=16.8.0",
        "react-dom": ">=16.8.0"
      }
    },
    "../../../../../../../node_modules/.pnpm/@tsparticles+slim@3.9.1/node_modules/@tsparticles/slim": {
      "version": "3.9.1",
      "funding": [
        {
          "type": "github",
          "url": "https://github.com/sponsors/matteobruni"
        },
        {
          "type": "github",
          "url": "https://github.com/sponsors/tsparticles"
        },
        {
          "type": "buymeacoffee",
          "url": "https://www.buymeacoffee.com/matteobruni"
        }
      ],
      "license": "MIT",
      "dependencies": {
        "@tsparticles/basic": "3.9.1",
        "@tsparticles/engine": "3.9.1",
        "@tsparticles/interaction-external-attract": "3.9.1",
        "@tsparticles/interaction-external-bounce": "3.9.1",
        "@tsparticles/interaction-external-bubble": "3.9.1",
        "@tsparticles/interaction-external-connect": "3.9.1",
        "@tsparticles/interaction-external-grab": "3.9.1",
        "@tsparticles/interaction-external-pause": "3.9.1",
        "@tsparticles/interaction-external-push": "3.9.1",
        "@tsparticles/interaction-external-remove": "3.9.1",
        "@tsparticles/interaction-external-repulse": "3.9.1",
        "@tsparticles/interaction-external-slow": "3.9.1",
        "@tsparticles/interaction-particles-attract": "3.9.1",
        "@tsparticles/interaction-particles-collisions": "3.9.1",
        "@tsparticles/interaction-particles-links": "3.9.1",
        "@tsparticles/move-parallax": "3.9.1",
        "@tsparticles/plugin-easing-quad": "3.9.1",
        "@tsparticles/shape-emoji": "3.9.1",
        "@tsparticles/shape-image": "3.9.1",
        "@tsparticles/shape-line": "3.9.1",
        "@tsparticles/shape-polygon": "3.9.1",
        "@tsparticles/shape-square": "3.9.1",
        "@tsparticles/shape-star": "3.9.1",
        "@tsparticles/updater-life": "3.9.1",
        "@tsparticles/updater-rotate": "3.9.1",
        "@tsparticles/updater-stroke-color": "3.9.1"
      }
    },
    "../../../../../../../node_modules/.pnpm/@types+node@20.19.24/node_modules/@types/node": {
      "version": "20.19.24",
      "dev": true,
      "license": "MIT",
      "dependencies": {
        "undici-types": "~6.21.0"
      }
    },
    "../../../../../../../node_modules/.pnpm/@types+react-dom@19.2.2_@types+react@19.2.2/node_modules/@types/react-dom": {
      "version": "19.2.2",
      "dev": true,
      "license": "MIT",
      "peerDependencies": {
        "@types/react": "^19.2.0"
      }
    },
    "../../../../../../../node_modules/.pnpm/@types+react@19.2.2/node_modules/@types/react": {
      "version": "19.2.2",
      "dev": true,
      "license": "MIT",
      "dependencies": {
        "csstype": "^3.0.2"
      }
    },
    "../../../../../../../node_modules/.pnpm/@types+three@0.181.0/node_modules/@types/three": {
      "version": "0.181.0",
      "license": "MIT",
      "dependencies": {
        "@dimforge/rapier3d-compat": "~0.12.0",
        "@tweenjs/tween.js": "~23.1.3",
        "@types/stats.js": "*",
        "@types/webxr": "*",
        "@webgpu/types": "*",
        "fflate": "~0.8.2",
        "meshoptimizer": "~0.22.0"
      }
    },
    "../../../../../../../node_modules/.pnpm/class-variance-authority@0.7.1/node_modules/class-variance-authority": {
      "version": "0.7.1",
      "license": "Apache-2.0",
      "dependencies": {
        "clsx": "^2.1.1"
      },
      "devDependencies": {
        "@swc/cli": "0.3.12",
        "@swc/core": "1.4.16",
        "@types/node": "20.12.7",
        "@types/react": "18.2.79",
        "@types/react-dom": "18.2.25",
        "bundlesize": "0.18.2",
        "npm-run-all": "4.1.5",
        "react": "18.2.0",
        "react-dom": "18.2.0",
        "ts-node": "10.9.2",
        "typescript": "5.4.5"
      },
      "funding": {
        "url": "https://polar.sh/cva"
      }
    },
    "../../../../../../../node_modules/.pnpm/clsx@2.1.1/node_modules/clsx": {
      "version": "2.1.1",
      "license": "MIT",
      "devDependencies": {
        "esm": "3.2.25",
        "terser": "4.8.0",
        "uvu": "0.5.4"
      },
      "engines": {
        "node": ">=6"
      }
    },
    "../../../../../../../node_modules/.pnpm/eslint-config-next@16.0.7_@typescript-eslint+parser@8.48.1_eslint@9.39.1_jiti@2.6.1__ty_e49b21ddd2180d241685e29491237d74/node_modules/eslint-config-next": {
      "version": "16.0.7",
      "dev": true,
      "license": "MIT",
      "dependencies": {
        "@next/eslint-plugin-next": "16.0.7",
        "eslint-import-resolver-node": "^0.3.6",
        "eslint-import-resolver-typescript": "^3.5.2",
        "eslint-plugin-import": "^2.32.0",
        "eslint-plugin-jsx-a11y": "^6.10.0",
        "eslint-plugin-react": "^7.37.0",
        "eslint-plugin-react-hooks": "^7.0.0",
        "globals": "16.4.0",
        "typescript-eslint": "^8.46.0"
      },
      "devDependencies": {
        "@types/eslint": "9.6.1",
        "@types/eslint-plugin-jsx-a11y": "6.10.1",
        "typescript": "5.9.2"
      },
      "peerDependencies": {
        "eslint": ">=9.0.0",
        "typescript": ">=3.3.1"
      },
      "peerDependenciesMeta": {
        "typescript": {
          "optional": true
        }
      }
    },
    "../../../../../../../node_modules/.pnpm/eslint@9.39.1_jiti@2.6.1/node_modules/eslint": {
      "version": "9.39.1",
      "dev": true,
      "license": "MIT",
      "dependencies": {
        "@eslint-community/eslint-utils": "^4.8.0",
        "@eslint-community/regexpp": "^4.12.1",
        "@eslint/config-array": "^0.21.1",
        "@eslint/config-helpers": "^0.4.2",
        "@eslint/core": "^0.17.0",
        "@eslint/eslintrc": "^3.3.1",
        "@eslint/js": "9.39.1",
        "@eslint/plugin-kit": "^0.4.1",
        "@humanfs/node": "^0.16.6",
        "@humanwhocodes/module-importer": "^1.0.1",
        "@humanwhocodes/retry": "^0.4.2",
        "@types/estree": "^1.0.6",
        "ajv": "^6.12.4",
        "chalk": "^4.0.0",
        "cross-spawn": "^7.0.6",
        "debug": "^4.3.2",
        "escape-string-regexp": "^4.0.0",
        "eslint-scope": "^8.4.0",
        "eslint-visitor-keys": "^4.2.1",
        "espree": "^10.4.0",
        "esquery": "^1.5.0",
        "esutils": "^2.0.2",
        "fast-deep-equal": "^3.1.3",
        "file-entry-cache": "^8.0.0",
        "find-up": "^5.0.0",
        "glob-parent": "^6.0.2",
        "ignore": "^5.2.0",
        "imurmurhash": "^0.1.4",
        "is-glob": "^4.0.0",
        "json-stable-stringify-without-jsonify": "^1.0.1",
        "lodash.merge": "^4.6.2",
        "minimatch": "^3.1.2",
        "natural-compare": "^1.4.0",
        "optionator": "^0.9.3"
      },
      "bin": {
        "eslint": "bin/eslint.js"
      },
      "devDependencies": {
        "@arethetypeswrong/cli": "^0.18.0",
        "@babel/core": "^7.4.3",
        "@babel/preset-env": "^7.4.3",
        "@cypress/webpack-preprocessor": "^6.0.2",
        "@eslint/json": "^0.13.2",
        "@trunkio/launcher": "^1.3.4",
        "@types/esquery": "^1.5.4",
        "@types/node": "^22.13.14",
        "@typescript-eslint/parser": "^8.4.0",
        "babel-loader": "^8.0.5",
        "c8": "^7.12.0",
        "chai": "^4.0.1",
        "cheerio": "^0.22.0",
        "common-tags": "^1.8.0",
        "core-js": "^3.1.3",
        "cypress": "^14.1.0",
        "ejs": "^3.0.2",
        "eslint": "file:.",
        "eslint-config-eslint": "file:packages/eslint-config-eslint",
        "eslint-plugin-eslint-plugin": "^6.0.0",
        "eslint-plugin-expect-type": "^0.6.0",
        "eslint-plugin-yml": "^1.14.0",
        "eslint-release": "^3.3.0",
        "eslint-rule-composer": "^0.3.0",
        "eslump": "^3.0.0",
        "esprima": "^4.0.1",
        "fast-glob": "^3.2.11",
        "fs-teardown": "^0.1.3",
        "glob": "^10.0.0",
        "globals": "^16.2.0",
        "got": "^11.8.3",
        "gray-matter": "^4.0.3",
        "jiti": "^2.6.1",
        "jiti-v2.0": "npm:jiti@2.0.x",
        "jiti-v2.1": "npm:jiti@2.1.x",
        "knip": "^5.60.2",
        "lint-staged": "^11.0.0",
        "markdown-it": "^12.2.0",
        "markdown-it-container": "^3.0.0",
        "marked": "^4.0.8",
        "metascraper": "^5.25.7",
        "metascraper-description": "^5.25.7",
        "metascraper-image": "^5.29.3",
        "metascraper-logo": "^5.25.7",
        "metascraper-logo-favicon": "^5.25.7",
        "metascraper-title": "^5.25.7",
        "mocha": "^11.7.1",
        "node-polyfill-webpack-plugin": "^1.0.3",
        "npm-license": "^0.3.3",
        "pirates": "^4.0.5",
        "progress": "^2.0.3",
        "proxyquire": "^2.0.1",
        "recast": "^0.23.0",
        "regenerator-runtime": "^0.14.0",
        "semver": "^7.5.3",
        "shelljs": "^0.10.0",
        "sinon": "^11.0.0",
        "typescript": "^5.3.3",
        "webpack": "^5.23.0",
        "webpack-cli": "^4.5.0",
        "yorkie": "^2.0.0"
      },
      "engines": {
        "node": "^18.18.0 || ^20.9.0 || >=21.1.0"
      },
      "funding": {
        "url": "https://eslint.org/donate"
      },
      "peerDependencies": {
        "jiti": "*"
      },
      "peerDependenciesMeta": {
        "jiti": {
          "optional": true
        }
      }
    },
    "../../../../../../../node_modules/.pnpm/lucide-react@0.556.0_react@19.2.0/node_modules/lucide-react": {
      "version": "0.556.0",
      "license": "ISC",
      "devDependencies": {
        "@lucide/build-icons": "1.1.0",
        "@lucide/rollup-plugins": "1.0.0",
        "@lucide/shared": "1.0.0",
        "@testing-library/jest-dom": "^6.1.6",
        "@testing-library/react": "^14.1.2",
        "@types/react": "^18.2.37",
        "@vitejs/plugin-react": "^4.4.1",
        "jest-serializer-html": "^7.1.0",
        "react": "18.2.0",
        "react-dom": "18.2.0",
        "rollup": "^4.53.3",
        "rollup-plugin-dts": "^6.2.3",
        "rollup-plugin-preserve-directives": "^0.4.0",
        "typescript": "^5.8.3",
        "vite": "^7.2.4",
        "vitest": "^4.0.12"
      },
      "peerDependencies": {
        "react": "^16.5.1 || ^17.0.0 || ^18.0.0 || ^19.0.0"
      }
    },
    "../../../../../../../node_modules/.pnpm/motion@12.23.25_@emotion+is-prop-valid@1.4.0_react-dom@19.2.0_react@19.2.0__react@19.2.0/node_modules/motion": {
      "version": "12.23.25",
      "license": "MIT",
      "dependencies": {
        "framer-motion": "^12.23.25",
        "tslib": "^2.4.0"
      },
      "peerDependencies": {
        "@emotion/is-prop-valid": "*",
        "react": "^18.0.0 || ^19.0.0",
        "react-dom": "^18.0.0 || ^19.0.0"
      },
      "peerDependenciesMeta": {
        "@emotion/is-prop-valid": {
          "optional": true
        },
        "react": {
          "optional": true
        },
        "react-dom": {
          "optional": true
        }
      }
    },
    "../../../../../../../node_modules/.pnpm/next-themes@0.4.6_react-dom@19.2.0_react@19.2.0__react@19.2.0/node_modules/next-themes": {
      "version": "0.4.6",
      "license": "MIT",
      "devDependencies": {
        "react": "^18.2.0",
        "react-dom": "^18.2.0"
      },
      "peerDependencies": {
        "react": "^16.8 || ^17 || ^18 || ^19 || ^19.0.0-rc",
        "react-dom": "^16.8 || ^17 || ^18 || ^19 || ^19.0.0-rc"
      }
    },
    "../../../../../../../node_modules/.pnpm/next@16.0.7_@babel+core@7.28.5_@opentelemetry+api@1.9.0_react-dom@19.2.0_react@19.2.0__react@19.2.0_sass@1.94.0/node_modules/next": {
      "version": "16.0.7",
      "license": "MIT",
      "dependencies": {
        "@next/env": "16.0.7",
        "@swc/helpers": "0.5.15",
        "caniuse-lite": "^1.0.30001579",
        "postcss": "8.4.31",
        "styled-jsx": "5.1.6"
      },
      "bin": {
        "next": "dist/bin/next"
      },
      "devDependencies": {
        "@babel/code-frame": "7.26.2",
        "@babel/core": "7.26.10",
        "@babel/eslint-parser": "7.24.6",
        "@babel/generator": "7.27.0",
        "@babel/plugin-syntax-bigint": "7.8.3",
        "@babel/plugin-syntax-dynamic-import": "7.8.3",
        "@babel/plugin-syntax-import-attributes": "7.26.0",
        "@babel/plugin-syntax-jsx": "7.25.9",
        "@babel/plugin-syntax-typescript": "7.25.4",
        "@babel/plugin-transform-class-properties": "7.25.9",
        "@babel/plugin-transform-export-namespace-from": "7.25.9",
        "@babel/plugin-transform-modules-commonjs": "7.26.3",
        "@babel/plugin-transform-numeric-separator": "7.25.9",
        "@babel/plugin-transform-object-rest-spread": "7.25.9",
        "@babel/plugin-transform-runtime": "7.26.10",
        "@babel/preset-env": "7.26.9",
        "@babel/preset-react": "7.26.3",
        "@babel/preset-typescript": "7.27.0",
        "@babel/runtime": "7.27.0",
        "@babel/traverse": "7.27.0",
        "@babel/types": "7.27.0",
        "@base-ui-components/react": "1.0.0-beta.2",
        "@capsizecss/metrics": "3.4.0",
        "@edge-runtime/cookies": "6.0.0",
        "@edge-runtime/ponyfill": "4.0.0",
        "@edge-runtime/primitives": "6.0.0",
        "@hapi/accept": "5.0.2",
        "@jest/transform": "29.5.0",
        "@jest/types": "29.5.0",
        "@modelcontextprotocol/sdk": "1.18.1",
        "@mswjs/interceptors": "0.23.0",
        "@napi-rs/triples": "1.2.0",
        "@next/font": "16.0.7",
        "@next/polyfill-module": "16.0.7",
        "@next/polyfill-nomodule": "16.0.7",
        "@next/react-refresh-utils": "16.0.7",
        "@next/swc": "16.0.7",
        "@opentelemetry/api": "1.6.0",
        "@playwright/test": "1.51.1",
        "@rspack/core": "1.6.0",
        "@storybook/addon-a11y": "8.6.0",
        "@storybook/addon-essentials": "8.6.0",
        "@storybook/addon-interactions": "8.6.0",
        "@storybook/addon-webpack5-compiler-swc": "3.0.0",
        "@storybook/blocks": "8.6.0",
        "@storybook/react": "8.6.0",
        "@storybook/react-webpack5": "8.6.0",
        "@storybook/test": "8.6.0",
        "@storybook/test-runner": "0.21.0",
        "@swc/core": "1.11.24",
        "@swc/types": "0.1.7",
        "@taskr/clear": "1.1.0",
        "@taskr/esnext": "1.1.0",
        "@types/babel__code-frame": "7.0.6",
        "@types/babel__core": "7.20.5",
        "@types/babel__generator": "7.27.0",
        "@types/babel__template": "7.4.4",
        "@types/babel__traverse": "7.20.7",
        "@types/bytes": "3.1.1",
        "@types/ci-info": "2.0.0",
        "@types/compression": "0.0.36",
        "@types/content-disposition": "0.5.4",
        "@types/content-type": "1.1.3",
        "@types/cookie": "0.3.3",
        "@types/cross-spawn": "6.0.0",
        "@types/debug": "4.1.5",
        "@types/express-serve-static-core": "4.17.33",
        "@types/fresh": "0.5.0",
        "@types/glob": "7.1.1",
        "@types/jsonwebtoken": "9.0.0",
        "@types/lodash": "4.14.198",
        "@types/lodash.curry": "4.1.6",
        "@types/path-to-regexp": "1.7.0",
        "@types/picomatch": "2.3.3",
        "@types/platform": "1.3.4",
        "@types/react": "19.0.8",
        "@types/react-dom": "19.0.3",
        "@types/react-is": "18.2.4",
        "@types/semver": "7.3.1",
        "@types/send": "0.14.4",
        "@types/shell-quote": "1.7.1",
        "@types/tar": "6.1.5",
        "@types/text-table": "0.2.1",
        "@types/ua-parser-js": "0.7.36",
        "@types/webpack-sources1": "npm:@types/webpack-sources@0.1.5",
        "@types/ws": "8.2.0",
        "@vercel/ncc": "0.34.0",
        "@vercel/nft": "0.27.1",
        "@vercel/routing-utils": "5.2.0",
        "@vercel/turbopack-ecmascript-runtime": "*",
        "acorn": "8.14.0",
        "anser": "1.4.9",
        "arg": "4.1.0",
        "assert": "2.0.0",
        "async-retry": "1.2.3",
        "async-sema": "3.0.0",
        "axe-playwright": "2.0.3",
        "babel-loader": "10.0.0",
        "babel-plugin-react-compiler": "0.0.0-experimental-3fde738-20250918",
        "babel-plugin-transform-define": "2.0.0",
        "babel-plugin-transform-react-remove-prop-types": "0.4.24",
        "browserify-zlib": "0.2.0",
        "browserslist": "4.28.0",
        "buffer": "5.6.0",
        "busboy": "1.6.0",
        "bytes": "3.1.1",
        "ci-info": "watson/ci-info#f43f6a1cefff47fb361c88cf4b943fdbcaafe540",
        "cli-select": "1.1.2",
        "client-only": "0.0.1",
        "commander": "12.1.0",
        "comment-json": "3.0.3",
        "compression": "1.7.4",
        "conf": "5.0.0",
        "constants-browserify": "1.0.0",
        "content-disposition": "0.5.3",
        "content-type": "1.0.4",
        "cookie": "0.4.1",
        "cross-env": "6.0.3",
        "cross-spawn": "7.0.3",
        "crypto-browserify": "3.12.0",
        "css-loader": "7.1.2",
        "css.escape": "1.5.1",
        "cssnano-preset-default": "7.0.6",
        "data-uri-to-buffer": "3.0.1",
        "debug": "4.1.1",
        "devalue": "2.0.1",
        "domain-browser": "4.19.0",
        "edge-runtime": "4.0.1",
        "events": "3.3.0",
        "find-up": "4.1.0",
        "fresh": "0.5.2",
        "glob": "7.1.7",
        "gzip-size": "5.1.1",
        "http-proxy": "1.18.1",
        "http-proxy-agent": "5.0.0",
        "https-browserify": "1.0.0",
        "https-proxy-agent": "5.0.1",
        "icss-utils": "5.1.0",
        "ignore-loader": "0.1.2",
        "image-size": "1.2.1",
        "ipaddr.js": "2.2.0",
        "is-docker": "2.0.0",
        "is-wsl": "2.2.0",
        "jest-worker": "27.5.1",
        "json5": "2.2.3",
        "jsonwebtoken": "9.0.0",
        "loader-runner": "4.3.0",
        "loader-utils2": "npm:loader-utils@2.0.4",
        "loader-utils3": "npm:loader-utils@3.1.3",
        "lodash.curry": "4.1.1",
        "mini-css-extract-plugin": "2.4.4",
        "msw": "2.3.0",
        "nanoid": "3.1.32",
        "native-url": "0.3.4",
        "neo-async": "2.6.1",
        "node-html-parser": "5.3.3",
        "ora": "4.0.4",
        "os-browserify": "0.3.0",
        "p-limit": "3.1.0",
        "p-queue": "6.6.2",
        "path-browserify": "1.0.1",
        "path-to-regexp": "6.3.0",
        "picomatch": "4.0.1",
        "postcss-flexbugs-fixes": "5.0.2",
        "postcss-modules-extract-imports": "3.0.0",
        "postcss-modules-local-by-default": "4.2.0",
        "postcss-modules-scope": "3.0.0",
        "postcss-modules-values": "4.0.0",
        "postcss-preset-env": "7.4.3",
        "postcss-safe-parser": "6.0.0",
        "postcss-scss": "4.0.3",
        "postcss-value-parser": "4.2.0",
        "process": "0.11.10",
        "punycode": "2.1.1",
        "querystring-es3": "0.2.1",
        "raw-body": "2.4.1",
        "react-refresh": "0.12.0",
        "recast": "0.23.11",
        "regenerator-runtime": "0.13.4",
        "safe-stable-stringify": "2.5.0",
        "sass-loader": "16.0.5",
        "schema-utils2": "npm:schema-utils@2.7.1",
        "schema-utils3": "npm:schema-utils@3.0.0",
        "semver": "7.3.2",
        "send": "0.18.0",
        "server-only": "0.0.1",
        "setimmediate": "1.0.5",
        "shell-quote": "1.7.3",
        "source-map": "0.6.1",
        "source-map-loader": "5.0.0",
        "source-map08": "npm:source-map@0.8.0-beta.0",
        "stacktrace-parser": "0.1.10",
        "storybook": "8.6.0",
        "stream-browserify": "3.0.0",
        "stream-http": "3.1.1",
        "strict-event-emitter": "0.5.0",
        "string_decoder": "1.3.0",
        "string-hash": "1.1.3",
        "strip-ansi": "6.0.0",
        "style-loader": "4.0.0",
        "superstruct": "1.0.3",
        "tar": "6.1.15",
        "taskr": "1.1.0",
        "terser": "5.27.0",
        "terser-webpack-plugin": "5.3.9",
        "text-table": "0.2.0",
        "timers-browserify": "2.0.12",
        "tty-browserify": "0.0.1",
        "typescript": "5.9.2",
        "ua-parser-js": "1.0.35",
        "unistore": "3.4.1",
        "util": "0.12.4",
        "vm-browserify": "1.1.2",
        "watchpack": "2.4.0",
        "web-vitals": "4.2.1",
        "webpack": "5.98.0",
        "webpack-sources1": "npm:webpack-sources@1.4.3",
        "webpack-sources3": "npm:webpack-sources@3.2.3",
        "ws": "8.2.3",
        "zod": "3.25.76",
        "zod-validation-error": "3.4.0"
      },
      "engines": {
        "node": ">=20.9.0"
      },
      "optionalDependencies": {
        "@next/swc-darwin-arm64": "16.0.7",
        "@next/swc-darwin-x64": "16.0.7",
        "@next/swc-linux-arm64-gnu": "16.0.7",
        "@next/swc-linux-arm64-musl": "16.0.7",
        "@next/swc-linux-x64-gnu": "16.0.7",
        "@next/swc-linux-x64-musl": "16.0.7",
        "@next/swc-win32-arm64-msvc": "16.0.7",
        "@next/swc-win32-x64-msvc": "16.0.7",
        "sharp": "^0.34.4"
      },
      "peerDependencies": {
        "@opentelemetry/api": "^1.1.0",
        "@playwright/test": "^1.51.1",
        "babel-plugin-react-compiler": "*",
        "react": "^18.2.0 || 19.0.0-rc-de68d2f4-20241204 || ^19.0.0",
        "react-dom": "^18.2.0 || 19.0.0-rc-de68d2f4-20241204 || ^19.0.0",
        "sass": "^1.3.0"
      },
      "peerDependenciesMeta": {
        "@opentelemetry/api": {
          "optional": true
        },
        "@playwright/test": {
          "optional": true
        },
        "babel-plugin-react-compiler": {
          "optional": true
        },
        "sass": {
          "optional": true
        }
      }
    },
    "../../../../../../../node_modules/.pnpm/react-countup@6.5.3_react@19.2.0/node_modules/react-countup": {
      "version": "6.5.3",
      "license": "MIT",
      "dependencies": {
        "countup.js": "^2.8.0"
      },
      "devDependencies": {
        "@babel/core": "7.23.9",
        "@babel/preset-env": "7.24.0",
        "@babel/preset-react": "7.23.3",
        "@babel/preset-typescript": "^7.23.2",
        "@rollup/plugin-babel": "^6.0.4",
        "@rollup/plugin-node-resolve": "^15.2.3",
        "@testing-library/react": "14.2.0",
        "@typescript-eslint/eslint-plugin": "^6.9.1",
        "@typescript-eslint/parser": "^6.9.1",
        "babel-jest": "29.7.0",
        "eslint": "^8.52.0",
        "eslint-config-prettier": "^9.0.0",
        "eslint-plugin-prettier": "^5.0.1",
        "eslint-plugin-react": "^7.33.2",
        "eslint-plugin-react-hooks": "^4.6.0",
        "jest": "29.7.0",
        "jest-environment-jsdom": "^29.7.0",
        "prettier": "3.2.4",
        "pretty-quick": "3.1.3",
        "react": "18.2.0",
        "react-dom": "18.2.0",
        "react-test-renderer": "18.2.0",
        "rollup": "4.9.6",
        "typescript": "^5.2.2"
      },
      "peerDependencies": {
        "react": ">= 16.3.0"
      }
    },
    "../../../../../../../node_modules/.pnpm/react-dom@19.2.0_react@19.2.0/node_modules/react-dom": {
      "version": "19.2.0",
      "license": "MIT",
      "dependencies": {
        "scheduler": "^0.27.0"
      },
      "peerDependencies": {
        "react": "^19.2.0"
      }
    },
    "../../../../../../../node_modules/.pnpm/react-fast-marquee@1.6.5_react-dom@19.2.0_react@19.2.0__react@19.2.0/node_modules/react-fast-marquee": {
      "version": "1.6.5",
      "license": "MIT",
      "devDependencies": {
        "@babel/plugin-proposal-class-properties": "^7.12.1",
        "@babel/preset-env": "^7.12.11",
        "@babel/preset-react": "^7.12.10",
        "@babel/preset-typescript": "^7.12.7",
        "@types/enzyme-adapter-react-16": "^1.0.6",
        "@types/jest": "^26.0.20",
        "@types/react": "^16.9.52",
        "@types/react-dom": "^16.9.8",
        "@types/resize-observer-browser": "^0.1.7",
        "@typescript-eslint/eslint-plugin": "^4.4.1",
        "@typescript-eslint/parser": "^4.4.1",
        "babel-core": "^6.26.3",
        "babel-runtime": "^6.26.0",
        "enzyme": "^3.11.0",
        "enzyme-adapter-react-16": "^1.15.5",
        "eslint": "^7.11.0",
        "eslint-config-prettier": "^6.13.0",
        "eslint-plugin-prettier": "^3.1.4",
        "eslint-plugin-react": "^7.21.4",
        "jest": "^26.6.3",
        "jest-fetch-mock": "^3.0.3",
        "prettier": "^2.1.2",
        "react": "^16.14.0",
        "react-dom": "^16.14.0",
        "react-test-renderer": "^16.14.0",
        "rollup": "^2.31.0",
        "rollup-plugin-sass": "^1.2.2",
        "rollup-plugin-typescript2": "^0.27.3",
        "ts-jest": "^26.4.4",
        "typescript": "^4.1.3"
      },
      "peerDependencies": {
        "react": ">= 16.8.0 || ^18.0.0",
        "react-dom": ">= 16.8.0 || ^18.0.0"
      }
    },
    "../../../../../../../node_modules/.pnpm/react@19.2.0/node_modules/react": {
      "version": "19.2.0",
      "license": "MIT",
      "engines": {
        "node": ">=0.10.0"
      }
    },
    "../../../../../../../node_modules/.pnpm/tailwind-merge@3.4.0/node_modules/tailwind-merge": {
      "version": "3.4.0",
      "license": "MIT",
      "devDependencies": {
        "@babel/core": "^7.28.4",
        "@babel/preset-env": "^7.28.3",
        "@codspeed/vitest-plugin": "^5.0.1",
        "@rollup/plugin-babel": "^6.0.4",
        "@rollup/plugin-node-resolve": "^16.0.1",
        "@rollup/plugin-typescript": "^12.1.4",
        "@types/node": "^24.9.2",
        "@vitest/coverage-v8": "^3.2.4",
        "@vitest/eslint-plugin": "^1.3.15",
        "babel-plugin-annotate-pure-calls": "^0.5.0",
        "babel-plugin-polyfill-regenerator": "^0.6.5",
        "eslint": "^9.37.0",
        "eslint-plugin-import": "^2.32.0",
        "globby": "^11.1.0",
        "prettier": "^3.6.2",
        "rollup": "^4.52.4",
        "rollup-plugin-delete": "^3.0.1",
        "rollup-plugin-dts": "^6.2.3",
        "tslib": "^2.8.1",
        "typescript": "^5.9.3",
        "typescript-eslint": "^8.45.0",
        "vitest": "^3.2.4",
        "zx": "^8.8.4"
      },
      "funding": {
        "type": "github",
        "url": "https://github.com/sponsors/dcastil"
      }
    },
    "../../../../../../../node_modules/.pnpm/tailwindcss@4.1.17/node_modules/tailwindcss": {
      "version": "4.1.17",
      "dev": true,
      "license": "MIT",
      "devDependencies": {
        "@jridgewell/remapping": "^2.3.4",
        "@tailwindcss/oxide": "^4.1.17",
        "@types/node": "^20.19.0",
        "dedent": "1.7.0",
        "lightningcss": "1.30.2",
        "magic-string": "^0.30.21",
        "source-map-js": "^1.2.1"
      }
    },
    "../../../../../../../node_modules/.pnpm/three@0.181.2/node_modules/three": {
      "version": "0.181.2",
      "license": "MIT",
      "devDependencies": {
        "@rollup/plugin-node-resolve": "^16.0.0",
        "@rollup/plugin-terser": "^0.4.0",
        "concurrently": "^9.0.0",
        "eslint": "^8.37.0",
        "eslint-config-mdcs": "^5.0.0",
        "eslint-plugin-compat": "^6.0.0",
        "eslint-plugin-html": "^8.0.0",
        "eslint-plugin-import": "^2.27.5",
        "jimp": "^1.6.0",
        "jsdoc": "^4.0.5",
        "magic-string": "^0.30.0",
        "pixelmatch": "^7.0.0",
        "puppeteer": "^24.25.0",
        "qunit": "^2.19.4",
        "rollup": "^4.6.0",
        "rollup-plugin-filesize": "^10.0.0",
        "servez": "^2.2.4"
      }
    },
    "../../../../../../../node_modules/.pnpm/typescript@5.9.3/node_modules/typescript": {
      "version": "5.9.3",
      "dev": true,
      "license": "Apache-2.0",
      "bin": {
        "tsc": "bin/tsc",
        "tsserver": "bin/tsserver"
      },
      "devDependencies": {
        "@dprint/formatter": "^0.4.1",
        "@dprint/typescript": "0.93.4",
        "@esfx/canceltoken": "^1.0.0",
        "@eslint/js": "^9.20.0",
        "@octokit/rest": "^21.1.1",
        "@types/chai": "^4.3.20",
        "@types/diff": "^7.0.1",
        "@types/minimist": "^1.2.5",
        "@types/mocha": "^10.0.10",
        "@types/ms": "^0.7.34",
        "@types/node": "latest",
        "@types/source-map-support": "^0.5.10",
        "@types/which": "^3.0.4",
        "@typescript-eslint/rule-tester": "^8.24.1",
        "@typescript-eslint/type-utils": "^8.24.1",
        "@typescript-eslint/utils": "^8.24.1",
        "azure-devops-node-api": "^14.1.0",
        "c8": "^10.1.3",
        "chai": "^4.5.0",
        "chokidar": "^4.0.3",
        "diff": "^7.0.0",
        "dprint": "^0.49.0",
        "esbuild": "^0.25.0",
        "eslint": "^9.20.1",
        "eslint-formatter-autolinkable-stylish": "^1.4.0",
        "eslint-plugin-regexp": "^2.7.0",
        "fast-xml-parser": "^4.5.2",
        "glob": "^10.4.5",
        "globals": "^15.15.0",
        "hereby": "^1.10.0",
        "jsonc-parser": "^3.3.1",
        "knip": "^5.44.4",
        "minimist": "^1.2.8",
        "mocha": "^10.8.2",
        "mocha-fivemat-progress-reporter": "^0.1.0",
        "monocart-coverage-reports": "^2.12.1",
        "ms": "^2.1.3",
        "picocolors": "^1.1.1",
        "playwright": "^1.50.1",
        "source-map-support": "^0.5.21",
        "tslib": "^2.8.1",
        "typescript": "^5.7.3",
        "typescript-eslint": "^8.24.1",
        "which": "^3.0.1"
      },
      "engines": {
        "node": ">=14.17"
      }
    },
    "node_modules/@radix-ui/react-accordion": {
      "resolved": "../../../../../../../node_modules/.pnpm/@radix-ui+react-accordion@1.2.12_@types+react-dom@19.2.2_@types+react@19.2.2__@types+re_bb65b1594d9e50e4b57e0ea5549b7ba5/node_modules/@radix-ui/react-accordion",
      "link": true
    },
    "node_modules/@radix-ui/react-dialog": {
      "resolved": "../../../../../../../node_modules/.pnpm/@radix-ui+react-dialog@1.1.15_@types+react-dom@19.2.2_@types+react@19.2.2__@types+react_664b8f23a65f4708bb5cf27e5ff43c08/node_modules/@radix-ui/react-dialog",
      "link": true
    },
    "node_modules/@radix-ui/react-dropdown-menu": {
      "resolved": "../../../../../../../node_modules/.pnpm/@radix-ui+react-dropdown-menu@2.1.16_@types+react-dom@19.2.2_@types+react@19.2.2__@type_f90fa60edb4ba7a2bde2c9dcd66319cb/node_modules/@radix-ui/react-dropdown-menu",
      "link": true
    },
    "node_modules/@radix-ui/react-slot": {
      "resolved": "../../../../../../../node_modules/.pnpm/@radix-ui+react-slot@1.2.4_@types+react@19.2.2_react@19.2.0/node_modules/@radix-ui/react-slot",
      "link": true
    },
    "node_modules/@radix-ui/react-tooltip": {
      "resolved": "../../../../../../../node_modules/.pnpm/@radix-ui+react-tooltip@1.2.8_@types+react-dom@19.2.2_@types+react@19.2.2__@types+react_d963652a79ee591baff55ba948e78961/node_modules/@radix-ui/react-tooltip",
      "link": true
    },
    "node_modules/@react-three/drei": {
      "resolved": "../../../../../../../node_modules/.pnpm/@react-three+drei@10.7.7_@react-three+fiber@9.4.2_@types+react@19.2.2_immer@10.0.2_reac_06edb608d8d1381a50572c48a96a01cb/node_modules/@react-three/drei",
      "link": true
    },
    "node_modules/@react-three/fiber": {
      "resolved": "../../../../../../../node_modules/.pnpm/@react-three+fiber@9.4.2_@types+react@19.2.2_immer@10.0.2_react-dom@19.2.0_react@19.2.0__react@19.2.0_three@0.181.2/node_modules/@react-three/fiber",
      "link": true
    },
    "node_modules/@tailwindcss/postcss": {
      "resolved": "../../../../../../../node_modules/.pnpm/@tailwindcss+postcss@4.1.17/node_modules/@tailwindcss/postcss",
      "link": true
    },
    "node_modules/@tsparticles/engine": {
      "resolved": "../../../../../../../node_modules/.pnpm/@tsparticles+engine@3.9.1/node_modules/@tsparticles/engine",
      "link": true
    },
    "node_modules/@tsparticles/react": {
      "resolved": "../../../../../../../node_modules/.pnpm/@tsparticles+react@3.0.0_@tsparticles+engine@3.9.1_react-dom@19.2.0_react@19.2.0__react@19.2.0/node_modules/@tsparticles/react",
      "link": true
    },
    "node_modules/@tsparticles/slim": {
      "resolved": "../../../../../../../node_modules/.pnpm/@tsparticles+slim@3.9.1/node_modules/@tsparticles/slim",
      "link": true
    },
    "node_modules/@types/node": {
      "resolved": "../../../../../../../node_modules/.pnpm/@types+node@20.19.24/node_modules/@types/node",
      "link": true
    },
    "node_modules/@types/react": {
      "resolved": "../../../../../../../node_modules/.pnpm/@types+react@19.2.2/node_modules/@types/react",
      "link": true
    },
    "node_modules/@types/react-dom": {
      "resolved": "../../../../../../../node_modules/.pnpm/@types+react-dom@19.2.2_@types+react@19.2.2/node_modules/@types/react-dom",
      "link": true
    },
    "node_modules/@types/three": {
      "resolved": "../../../../../../../node_modules/.pnpm/@types+three@0.181.0/node_modules/@types/three",
      "link": true
    },
    "node_modules/class-variance-authority": {
      "resolved": "../../../../../../../node_modules/.pnpm/class-variance-authority@0.7.1/node_modules/class-variance-authority",
      "link": true
    },
    "node_modules/clsx": {
      "resolved": "../../../../../../../node_modules/.pnpm/clsx@2.1.1/node_modules/clsx",
      "link": true
    },
    "node_modules/eslint": {
      "resolved": "../../../../../../../node_modules/.pnpm/eslint@9.39.1_jiti@2.6.1/node_modules/eslint",
      "link": true
    },
    "node_modules/eslint-config-next": {
      "resolved": "../../../../../../../node_modules/.pnpm/eslint-config-next@16.0.7_@typescript-eslint+parser@8.48.1_eslint@9.39.1_jiti@2.6.1__ty_e49b21ddd2180d241685e29491237d74/node_modules/eslint-config-next",
      "link": true
    },
    "node_modules/lucide-react": {
      "resolved": "../../../../../../../node_modules/.pnpm/lucide-react@0.556.0_react@19.2.0/node_modules/lucide-react",
      "link": true
    },
    "node_modules/maath": {
      "version": "0.10.8",
      "resolved": "https://registry.npmjs.org/maath/-/maath-0.10.8.tgz",
      "integrity": "sha512-tRvbDF0Pgqz+9XUa4jjfgAQ8/aPKmQdWXilFu2tMy4GWj4NOsx99HlULO4IeREfbO3a0sA145DZYyvXPkybm0g==",
      "license": "MIT",
      "peerDependencies": {
        "@types/three": ">=0.134.0",
        "three": ">=0.134.0"
      }
    },
    "node_modules/motion": {
      "resolved": "../../../../../../../node_modules/.pnpm/motion@12.23.25_@emotion+is-prop-valid@1.4.0_react-dom@19.2.0_react@19.2.0__react@19.2.0/node_modules/motion",
      "link": true
    },
    "node_modules/next": {
      "resolved": "../../../../../../../node_modules/.pnpm/next@16.0.7_@babel+core@7.28.5_@opentelemetry+api@1.9.0_react-dom@19.2.0_react@19.2.0__react@19.2.0_sass@1.94.0/node_modules/next",
      "link": true
    },
    "node_modules/next-themes": {
      "resolved": "../../../../../../../node_modules/.pnpm/next-themes@0.4.6_react-dom@19.2.0_react@19.2.0__react@19.2.0/node_modules/next-themes",
      "link": true
    },
    "node_modules/react": {
      "resolved": "../../../../../../../node_modules/.pnpm/react@19.2.0/node_modules/react",
      "link": true
    },
    "node_modules/react-countup": {
      "resolved": "../../../../../../../node_modules/.pnpm/react-countup@6.5.3_react@19.2.0/node_modules/react-countup",
      "link": true
    },
    "node_modules/react-dom": {
      "resolved": "../../../../../../../node_modules/.pnpm/react-dom@19.2.0_react@19.2.0/node_modules/react-dom",
      "link": true
    },
    "node_modules/react-fast-marquee": {
      "resolved": "../../../../../../../node_modules/.pnpm/react-fast-marquee@1.6.5_react-dom@19.2.0_react@19.2.0__react@19.2.0/node_modules/react-fast-marquee",
      "link": true
    },
    "node_modules/tailwind-merge": {
      "resolved": "../../../../../../../node_modules/.pnpm/tailwind-merge@3.4.0/node_modules/tailwind-merge",
      "link": true
    },
    "node_modules/tailwindcss": {
      "resolved": "../../../../../../../node_modules/.pnpm/tailwindcss@4.1.17/node_modules/tailwindcss",
      "link": true
    },
    "node_modules/three": {
      "resolved": "../../../../../../../node_modules/.pnpm/three@0.181.2/node_modules/three",
      "link": true
    },
    "node_modules/typescript": {
      "resolved": "../../../../../../../node_modules/.pnpm/typescript@5.9.3/node_modules/typescript",
      "link": true
    }
  }
}
